
Microsoft Visual Studio Solution File, Format Version 12.00
# Visual Studio Version 17
VisualStudioVersion = 17.10.35027.167
MinimumVisualStudioVersion = 10.0.40219.1
Project("{2150E333-8FDC-42A3-9474-1A3956D46DE8}") = "Masking", "Masking", "{2090DE6D-D5D0-4628-BDA4-86ACBADEBBD6}"
EndProject
Project("{FAE04EC0-301F-11D3-BF4B-00C04F79EFBC}") = "DevTools.Masking.Domain", "Masking\DevTools.Masking.Domain\DevTools.Masking.Domain.csproj", "{AC68146D-2113-407D-8CAA-B6DC1CD75FA5}"
EndProject
Global
	GlobalSection(SolutionConfigurationPlatforms) = preSolution
		Debug|Any CPU = Debug|Any CPU
		Release|Any CPU = Release|Any CPU
	EndGlobalSection
	GlobalSection(ProjectConfigurationPlatforms) = postSolution
		{AC68146D-2113-407D-8CAA-B6DC1CD75FA5}.Debug|Any CPU.ActiveCfg = Debug|Any CPU
		{AC68146D-2113-407D-8CAA-B6DC1CD75FA5}.Debug|Any CPU.Build.0 = Debug|Any CPU
		{AC68146D-2113-407D-8CAA-B6DC1CD75FA5}.Release|Any CPU.ActiveCfg = Release|Any CPU
		{AC68146D-2113-407D-8CAA-B6DC1CD75FA5}.Release|Any CPU.Build.0 = Release|Any CPU
	EndGlobalSection
	GlobalSection(SolutionProperties) = preSolution
		HideSolutionNode = FALSE
	EndGlobalSection
	GlobalSection(NestedProjects) = preSolution
		{AC68146D-2113-407D-8CAA-B6DC1CD75FA5} = {2090DE6D-D5D0-4628-BDA4-86ACBADEBBD6}
	EndGlobalSection
	GlobalSection(ExtensibilityGlobals) = postSolution
		SolutionGuid = {00FC77A8-CC3B-488B-ADFE-62B5A6F9BBDB}
	EndGlobalSection
EndGlobal
